# THIS IS AN AUTOGENERATED FILE. DO NOT EDIT THIS FILE DIRECTLY.
# yarn lockfile v1


codemirror-spell-checker@1.1.2:
  version "1.1.2"
  resolved "https://registry.yarnpkg.com/codemirror-spell-checker/-/codemirror-spell-checker-1.1.2.tgz#1c660f9089483ccb5113b9ba9ca19c3f4993371e"
  integrity sha1-HGYPkIlIPMtRE7m6nKGcP0mTNx4=
  dependencies:
    typo-js "*"

codemirror@^5.48.0:
  version "5.48.2"
  resolved "https://registry.yarnpkg.com/codemirror/-/codemirror-5.48.2.tgz#a9dd3d426dea4cd59efd59cd98e20a9152a30922"
  integrity sha512-i9VsmC8AfA5ji6EDIZ+aoSe4vt9FcwPLdHB1k1ItFbVyuOFRrcfvnoKqwZlC7EVA2UmTRiNEypE4Uo7YvzVY8Q==

easymde@^2.7.0:
  version "2.7.0"
  resolved "https://registry.yarnpkg.com/easymde/-/easymde-2.7.0.tgz#42e52010b5611892d61bcaf29f595c8f40e43002"
  integrity sha512-ir+RC4y72HuOqwy5ZCeyfMSzgh4ZBRwYT/gjuBhBzXc6tYFhFSVQD87nEpdZehvhLSa2DshZLsPAFSGxs4ZI5A==
  dependencies:
    codemirror "^5.48.0"
    codemirror-spell-checker "1.1.2"
    marked "^0.7.0"

marked@^0.7.0:
  version "0.7.0"
  resolved "https://registry.yarnpkg.com/marked/-/marked-0.7.0.tgz#b64201f051d271b1edc10a04d1ae9b74bb8e5c0e"
  integrity sha512-c+yYdCZJQrsRjTPhUx7VKkApw9bwDkNbHUKo1ovgcfDjb2kc8rLuRbIFyXL5WOEUwzSSKo3IXpph2K6DqB/KZg==

typo-js@*:
  version "1.0.3"
  resolved "https://registry.yarnpkg.com/typo-js/-/typo-js-1.0.3.tgz#54d8ebc7949f1a7810908b6002c6841526c99d5a"
  integrity sha1-VNjrx5SfGngQkItgAsaEFSbJnVo=
